# This file is automatically @generated by Cargo.
# It is not intended for manual editing.
version = 4

[[package]]
name = "byteorder"
version = "1.5.0"
source = "registry+https://github.com/rust-lang/crates.io-index"
checksum = "1fd0f2584146f6f2ef48085050886acf353beff7305ebd1ae69500e27c67f64b"

[[package]]
name = "maths-rs"
version = "0.2.7"
source = "registry+https://github.com/rust-lang/crates.io-index"
checksum = "294eeb9091a188eb266fcb3dcb2d3adccf4499fdf05b5d9c42b91866b5384a82"

[[package]]
name = "naominagata"
version = "0.1.0"
dependencies = [
 "oort_api",
]

[[package]]
name = "oorandom"
version = "11.1.5"
source = "registry+https://github.com/rust-lang/crates.io-index"
checksum = "d6790f58c7ff633d8771f42965289203411a5e5c68388703c06e14f24770b41e"

[[package]]
name = "oort_api"
version = "0.84.0"
source = "registry+https://github.com/rust-lang/crates.io-index"
checksum = "2c1a6493a21b7f08ca81a8d71429fde69f3bc8372885724b113931a1a0a73519"
dependencies = [
 "byteorder",
 "maths-rs",
 "oorandom",
]
